// !$*UTF8*$!
{
	archiveVersion = 1;
	classes = {
	};
	objectVersion = 46;
	objects = {

/* Begin PBXBuildFile section */
		AFF5E65C1DDAD041001EA42E /* SwiftCrypt.h in Headers */ = {isa = PBXBuildFile; fileRef = AFF5E65B1DDAD041001EA42E /* SwiftCrypt.h */; };
		AFF5E65E1DDAD041001EA42E /* SwiftCrypt.m in Sources */ = {isa = PBXBuildFile; fileRef = AFF5E65D1DDAD041001EA42E /* SwiftCrypt.m */; };
/* End PBXBuildFile section */

/* Begin PBXFileReference section */
		AFF5E6581DDAD041001EA42E /* libSwiftCrypt.a */ = {isa = PBXFileReference; explicitFileType = archive.ar; includeInIndex = 0; path = libSwiftCrypt.a; sourceTree = BUILT_PRODUCTS_DIR; };
		AFF5E65B1DDAD041001EA42E /* SwiftCrypt.h */ = {isa = PBXFileReference; lastKnownFileType = sourcecode.c.h; path = SwiftCrypt.h; sourceTree = "<group>"; };
		AFF5E65D1DDAD041001EA42E /* SwiftCrypt.m */ = {isa = PBXFileReference; lastKnownFileType = sourcecode.c.objc; path = SwiftCrypt.m; sourceTree = "<group>"; };
/* End PBXFileReference section */

/* Begin PBXFrameworksBuildPhase section */
		AFF5E6551DDAD041001EA42E /* Frameworks */ = {
			isa = PBXFrameworksBuildPhase;
			buildActionMask = 2147483647;
			files = (
			);
			runOnlyForDeploymentPostprocessing = 0;
		};
/* End PBXFrameworksBuildPhase section */

/* Begin PBXGroup section */
		AFF5E64F1DDAD041001EA42E = {
			isa = PBXGroup;
			children = (
				AFF5E65A1DDAD041001EA42E /* SwiftCrypt */,
				AFF5E6591DDAD041001EA42E /* Products */,
			);
			sourceTree = "<group>";
		};
		AFF5E6591DDAD041001EA42E /* Products */ = {
			isa = PBXGroup;
			children = (
				AFF5E6581DDAD041001EA42E /* libSwiftCrypt.a */,
			);
			name = Products;
			sourceTree = "<group>";
		};
		AFF5E65A1DDAD041001EA42E /* SwiftCrypt */ = {
			isa = PBXGroup;
			children = (
				AFF5E65B1DDAD041001EA42E /* SwiftCrypt.h */,
				AFF5E65D1DDAD041001EA42E /* SwiftCrypt.m */,
			);
			path = SwiftCrypt;
			sourceTree = "<group>";
		};
/* End PBXGroup section */

/* Begin PBXHeadersBuildPhase section */
		AFF5E6561DDAD041001EA42E /* Headers */ = {
			isa = PBXHeadersBuildPhase;
			buildActionMask = 2147483647;
			files = (
				AFF5E65C1DDAD041001EA42E /* SwiftCrypt.h in Headers */,
			);
			runOnlyForDeploymentPostprocessing = 0;
		};
/* End PBXHeadersBuildPhase section */

/* Begin PBXNativeTarget section */
		AFF5E6571DDAD041001EA42E /* SwiftCrypt */ = {
			isa = PBXNativeTarget;
			buildConfigurationList = AFF5E6611DDAD041001EA42E /* Build configuration list for PBXNativeTarget "SwiftCrypt" */;
			buildPhases = (
				AFF5E6541DDAD041001EA42E /* Sources */,
				AFF5E6551DDAD041001EA42E /* Frameworks */,
				AFF5E6561DDAD041001EA42E /* Headers */,
			);
			buildRules = (
			);
			dependencies = (
			);
			name = SwiftCrypt;
			productName = SwiftCrypt;
			productReference = AFF5E6581DDAD041001EA42E /* libSwiftCrypt.a */;
			productType = "com.apple.product-type.library.static";
		};
/* End PBXNativeTarget section */

/* Begin PBXProject section */
		AFF5E6501DDAD041001EA42E /* Project object */ = {
			isa = PBXProject;
			attributes = {
				LastUpgradeCheck = 0800;
				ORGANIZATIONNAME = "Bobby Jap";
				TargetAttributes = {
					AFF5E6571DDAD041001EA42E = {
						CreatedOnToolsVersion = 8.0;
						DevelopmentTeam = NQ5KHF29CX;
						ProvisioningStyle = Automatic;
					};
				};
			};
			buildConfigurationList = AFF5E6531DDAD041001EA42E /* Build configuration list for PBXProject "SwiftCrypt" */;
			compatibilityVersion = "Xcode 3.2";
			developmentRegion = English;
			hasScannedForEncodings = 0;
			knownRegions = (
				en,
			);
			mainGroup = AFF5E64F1DDAD041001EA42E;
			productRefGroup = AFF5E6591DDAD041001EA42E /* Products */;
			projectDirPath = "";
			projectRoot = "";
			targets = (
				AFF5E6571DDAD041001EA42E /* SwiftCrypt */,
			);
		};
/* End PBXProject section */

/* Begin PBXSourcesBuildPhase section */
		AFF5E6541DDAD041001EA42E /* Sources */ = {
			isa = PBXSourcesBuildPhase;
			buildActionMask = 2147483647;
			files = (
				AFF5E65E1DDAD041001EA42E /* SwiftCrypt.m in Sources */,
			);
			runOnlyForDeploymentPostprocessing = 0;
		};
/* End PBXSourcesBuildPhase section */

/* Begin XCBuildConfiguration section */
		AFF5E65F1DDAD041001EA42E /* Debug */ = {
			isa = XCBuildConfiguration;
			buildSettings = {
				ALWAYS_SEARCH_USER_PATHS = NO;
				CLANG_ANALYZER_NONNULL = YES;
				CLANG_CXX_LANGUAGE_STANDARD = "gnu++0x";
				CLANG_CXX_LIBRARY = "libc++";
				CLANG_ENABLE_MODULES = YES;
				CLANG_ENABLE_OBJC_ARC = YES;
				CLANG_WARN_BOOL_CONVERSION = YES;
				CLANG_WARN_CONSTANT_CONVERSION = YES;
				CLANG_WARN_DIRECT_OBJC_ISA_USAGE = YES_ERROR;
				CLANG_WARN_DOCUMENTATION_COMMENTS = YES;
				CLANG_WARN_EMPTY_BODY = YES;
				CLANG_WARN_ENUM_CONVERSION = YES;
				CLANG_WARN_INFINITE_RECURSION = YES;
				CLANG_WARN_INT_CONVERSION = YES;
				CLANG_WARN_OBJC_ROOT_CLASS = YES_ERROR;
				CLANG_WARN_SUSPICIOUS_MOVES = YES;
				CLANG_WARN_UNREACHABLE_CODE = YES;
				CLANG_WARN__DUPLICATE_METHOD_MATCH = YES;
				CODE_SIGN_IDENTITY = "-";
				COPY_PHASE_STRIP = NO;
				DEBUG_INFORMATION_FORMAT = dwarf;
				ENABLE_STRICT_OBJC_MSGSEND = YES;
				ENABLE_TESTABILITY = YES;
				GCC_C_LANGUAGE_STANDARD = gnu99;
				GCC_DYNAMIC_NO_PIC = NO;
				GCC_NO_COMMON_BLOCKS = YES;
				GCC_OPTIMIZATION_LEVEL = 0;
				GCC_PREPROCESSOR_DEFINITIONS = (
					"DEBUG=1",
					"$(inherited)",
				);
				GCC_WARN_64_TO_32_BIT_CONVERSION = YES;
				GCC_WARN_ABOUT_RETURN_TYPE = YES_ERROR;
				GCC_WARN_UNDECLARED_SELECTOR = YES;
				GCC_WARN_UNINITIALIZED_AUTOS = YES_AGGRESSIVE;
				GCC_WARN_UNUSED_FUNCTION = YES;
				GCC_WARN_UNUSED_VARIABLE = YES;
				MACOSX_DEPLOYMENT_TARGET = 10.12;
				MTL_ENABLE_DEBUG_INFO = YES;
				ONLY_ACTIVE_ARCH = YES;
				SDKROOT = macosx;
			};
			name = Debug;
		};
		AFF5E6601DDAD041001EA42E /* Release */ = {
			isa = XCBuildConfiguration;
			buildSettings = {
				ALWAYS_SEARCH_USER_PATHS = NO;
				CLANG_ANALYZER_NONNULL = YES;
				CLANG_CXX_LANGUAGE_STANDARD = "gnu++0x";
				CLANG_CXX_LIBRARY = "libc++";
				CLANG_ENABLE_MODULES = YES;
				CLANG_ENABLE_OBJC_ARC = YES;
				CLANG_WARN_BOOL_CONVERSION = YES;
				CLANG_WARN_CONSTANT_CONVERSION = YES;
				CLANG_WARN_DIRECT_OBJC_ISA_USAGE = YES_ERROR;
				CLANG_WARN_DOCUMENTATION_COMMENTS = YES;
				CLANG_WARN_EMPTY_BODY = YES;
				CLANG_WARN_ENUM_CONVERSION = YES;
				CLANG_WARN_INFINITE_RECURSION = YES;
				CLANG_WARN_INT_CONVERSION = YES;
				CLANG_WARN_OBJC_ROOT_CLASS = YES_ERROR;
				CLANG_WARN_SUSPICIOUS_MOVES = YES;
				CLANG_WARN_UNREACHABLE_CODE = YES;
				CLANG_WARN__DUPLICATE_METHOD_MATCH = YES;
				CODE_SIGN_IDENTITY = "-";
				COPY_PHASE_STRIP = NO;
				DEBUG_INFORMATION_FORMAT = "dwarf-with-dsym";
				ENABLE_NS_ASSERTIONS = NO;
				ENABLE_STRICT_OBJC_MSGSEND = YES;
				GCC_C_LANGUAGE_STANDARD = gnu99;
				GCC_NO_COMMON_BLOCKS = YES;
				GCC_WARN_64_TO_32_BIT_CONVERSION = YES;
				GCC_WARN_ABOUT_RETURN_TYPE = YES_ERROR;
				GCC_WARN_UNDECLARED_SELECTOR = YES;
				GCC_WARN_UNINITIALIZED_AUTOS = YES_AGGRESSIVE;
				GCC_WARN_UNUSED_FUNCTION = YES;
				GCC_WARN_UNUSED_VARIABLE = YES;
				MACOSX_DEPLOYMENT_TARGET = 10.12;
				MTL_ENABLE_DEBUG_INFO = NO;
				SDKROOT = macosx;
			};
			name = Release;
		};
		AFF5E6621DDAD041001EA42E /* Debug */ = {
			isa = XCBuildConfiguration;
			buildSettings = {
				DEVELOPMENT_TEAM = NQ5KHF29CX;
				EXECUTABLE_PREFIX = lib;
				PRODUCT_NAME = "$(TARGET_NAME)";
			};
			name = Debug;
		};
		AFF5E6631DDAD041001EA42E /* Release */ = {
			isa = XCBuildConfiguration;
			buildSettings = {
				DEVELOPMENT_TEAM = NQ5KHF29CX;
				EXECUTABLE_PREFIX = lib;
				PRODUCT_NAME = "$(TARGET_NAME)";
			};
			name = Release;
		};
/* End XCBuildConfiguration section */

/* Begin XCConfigurationList section */
		AFF5E6531DDAD041001EA42E /* Build configuration list for PBXProject "SwiftCrypt" */ = {
			isa = XCConfigurationList;
			buildConfigurations = (
				AFF5E65F1DDAD041001EA42E /* Debug */,
				AFF5E6601DDAD041001EA42E /* Release */,
			);
			defaultConfigurationIsVisible = 0;
			defaultConfigurationName = Release;
		};
		AFF5E6611DDAD041001EA42E /* Build configuration list for PBXNativeTarget "SwiftCrypt" */ = {
			isa = XCConfigurationList;
			buildConfigurations = (
				AFF5E6621DDAD041001EA42E /* Debug */,
				AFF5E6631DDAD041001EA42E /* Release */,
			);
			defaultConfigurationIsVisible = 0;
		};
/* End XCConfigurationList section */
	};
	rootObject = AFF5E6501DDAD041001EA42E /* Project object */;
}
